// !$*UTF8*$!
{
	archiveVersion = 1;
	classes = {
	};
	objectVersion = 50;
	objects = {

/* Begin PBXBuildFile section */
		C35D6B36251F92C0008C762F /* UIViewControllerExtensions.swift in Sources */ = {isa = PBXBuildFile; fileRef = C35D6B35251F92C0008C762F /* UIViewControllerExtensions.swift */; };
		C362E0C0251D71C10093FF05 /* MoviesTableViewController.swift in Sources */ = {isa = PBXBuildFile; fileRef = C362E0BF251D71C10093FF05 /* MoviesTableViewController.swift */; };
		C362E0C5251D7A9E0093FF05 /* MovieTableViewCell.swift in Sources */ = {isa = PBXBuildFile; fileRef = C362E0C4251D7A9E0093FF05 /* MovieTableViewCell.swift */; };
		C362E0D1251D87150093FF05 /* MovieExtension.swift in Sources */ = {isa = PBXBuildFile; fileRef = C362E0D0251D87150093FF05 /* MovieExtension.swift */; };
		C366AE45251FB11C0061542C /* CategoriesTableViewController.swift in Sources */ = {isa = PBXBuildFile; fileRef = C366AE44251FB11C0061542C /* CategoriesTableViewController.swift */; };
		C366AE4B251FCA900061542C /* MapViewController.swift in Sources */ = {isa = PBXBuildFile; fileRef = C366AE4A251FCA900061542C /* MapViewController.swift */; };
		C3CD216E251F63A900CB62A6 /* MoviesLib.xcdatamodeld in Sources */ = {isa = PBXBuildFile; fileRef = C3CD216C251F63A900CB62A6 /* MoviesLib.xcdatamodeld */; };
		C3CD2173251F83F400CB62A6 /* FormViewController.swift in Sources */ = {isa = PBXBuildFile; fileRef = C3CD2172251F83F400CB62A6 /* FormViewController.swift */; };
		C3DD24F7251AB35000C00102 /* AppDelegate.swift in Sources */ = {isa = PBXBuildFile; fileRef = C3DD24F6251AB35000C00102 /* AppDelegate.swift */; };
		C3DD24FB251AB35000C00102 /* DetailViewController.swift in Sources */ = {isa = PBXBuildFile; fileRef = C3DD24FA251AB35000C00102 /* DetailViewController.swift */; };
		C3DD24FE251AB35000C00102 /* Main.storyboard in Resources */ = {isa = PBXBuildFile; fileRef = C3DD24FC251AB35000C00102 /* Main.storyboard */; };
		C3DD2500251AB35200C00102 /* Assets.xcassets in Resources */ = {isa = PBXBuildFile; fileRef = C3DD24FF251AB35200C00102 /* Assets.xcassets */; };
		C3DD2503251AB35200C00102 /* LaunchScreen.storyboard in Resources */ = {isa = PBXBuildFile; fileRef = C3DD2501251AB35200C00102 /* LaunchScreen.storyboard */; };
/* End PBXBuildFile section */

/* Begin PBXFileReference section */
		C35D6B35251F92C0008C762F /* UIViewControllerExtensions.swift */ = {isa = PBXFileReference; lastKnownFileType = sourcecode.swift; path = UIViewControllerExtensions.swift; sourceTree = "<group>"; };
		C362E0BF251D71C10093FF05 /* MoviesTableViewController.swift */ = {isa = PBXFileReference; lastKnownFileType = sourcecode.swift; path = MoviesTableViewController.swift; sourceTree = "<group>"; };
		C362E0C4251D7A9E0093FF05 /* MovieTableViewCell.swift */ = {isa = PBXFileReference; lastKnownFileType = sourcecode.swift; path = MovieTableViewCell.swift; sourceTree = "<group>"; };
		C362E0D0251D87150093FF05 /* MovieExtension.swift */ = {isa = PBXFileReference; lastKnownFileType = sourcecode.swift; path = MovieExtension.swift; sourceTree = "<group>"; };
		C366AE44251FB11C0061542C /* CategoriesTableViewController.swift */ = {isa = PBXFileReference; lastKnownFileType = sourcecode.swift; path = CategoriesTableViewController.swift; sourceTree = "<group>"; };
		C366AE4A251FCA900061542C /* MapViewController.swift */ = {isa = PBXFileReference; lastKnownFileType = sourcecode.swift; path = MapViewController.swift; sourceTree = "<group>"; };
		C3CD216D251F63A900CB62A6 /* MoviesLib.xcdatamodel */ = {isa = PBXFileReference; lastKnownFileType = wrapper.xcdatamodel; path = MoviesLib.xcdatamodel; sourceTree = "<group>"; };
		C3CD2172251F83F400CB62A6 /* FormViewController.swift */ = {isa = PBXFileReference; lastKnownFileType = sourcecode.swift; path = FormViewController.swift; sourceTree = "<group>"; };
		C3DD24F3251AB35000C00102 /* MoviesLib.app */ = {isa = PBXFileReference; explicitFileType = wrapper.application; includeInIndex = 0; path = MoviesLib.app; sourceTree = BUILT_PRODUCTS_DIR; };
		C3DD24F6251AB35000C00102 /* AppDelegate.swift */ = {isa = PBXFileReference; lastKnownFileType = sourcecode.swift; path = AppDelegate.swift; sourceTree = "<group>"; };
		C3DD24FA251AB35000C00102 /* DetailViewController.swift */ = {isa = PBXFileReference; lastKnownFileType = sourcecode.swift; path = DetailViewController.swift; sourceTree = "<group>"; };
		C3DD24FD251AB35000C00102 /* Base */ = {isa = PBXFileReference; lastKnownFileType = file.storyboard; name = Base; path = Base.lproj/Main.storyboard; sourceTree = "<group>"; };
		C3DD24FF251AB35200C00102 /* Assets.xcassets */ = {isa = PBXFileReference; lastKnownFileType = folder.assetcatalog; path = Assets.xcassets; sourceTree = "<group>"; };
		C3DD2502251AB35200C00102 /* Base */ = {isa = PBXFileReference; lastKnownFileType = file.storyboard; name = Base; path = Base.lproj/LaunchScreen.storyboard; sourceTree = "<group>"; };
		C3DD2504251AB35200C00102 /* Info.plist */ = {isa = PBXFileReference; lastKnownFileType = text.plist.xml; path = Info.plist; sourceTree = "<group>"; };
/* End PBXFileReference section */

/* Begin PBXFrameworksBuildPhase section */
		C3DD24F0251AB35000C00102 /* Frameworks */ = {
			isa = PBXFrameworksBuildPhase;
			buildActionMask = 2147483647;
			files = (
			);
			runOnlyForDeploymentPostprocessing = 0;
		};
/* End PBXFrameworksBuildPhase section */

/* Begin PBXGroup section */
		C3185B98251D552F00FEC8D4 /* Main */ = {
			isa = PBXGroup;
			children = (
				C3DD24F6251AB35000C00102 /* AppDelegate.swift */,
			);
			path = Main;
			sourceTree = "<group>";
		};
		C3185B99251D554400FEC8D4 /* Files */ = {
			isa = PBXGroup;
			children = (
				C3CD216C251F63A900CB62A6 /* MoviesLib.xcdatamodeld */,
			);
			path = Files;
			sourceTree = "<group>";
		};
		C3185B9A251D559300FEC8D4 /* Detail */ = {
			isa = PBXGroup;
			children = (
				C3185B9B251D55E100FEC8D4 /* Controller */,
			);
			path = Detail;
			sourceTree = "<group>";
		};
		C3185B9B251D55E100FEC8D4 /* Controller */ = {
			isa = PBXGroup;
			children = (
				C3DD24FA251AB35000C00102 /* DetailViewController.swift */,
			);
			path = Controller;
			sourceTree = "<group>";
		};
		C3185B9C251D560100FEC8D4 /* Supporting Files */ = {
			isa = PBXGroup;
			children = (
				C3DD24FF251AB35200C00102 /* Assets.xcassets */,
				C3DD2501251AB35200C00102 /* LaunchScreen.storyboard */,
				C3DD2504251AB35200C00102 /* Info.plist */,
			);
			path = "Supporting Files";
			sourceTree = "<group>";
		};
		C362E0BD251D71690093FF05 /* List */ = {
			isa = PBXGroup;
			children = (
				C362E0C3251D7A740093FF05 /* View */,
				C362E0BE251D718D0093FF05 /* Controller */,
			);
			path = List;
			sourceTree = "<group>";
		};
		C362E0BE251D718D0093FF05 /* Controller */ = {
			isa = PBXGroup;
			children = (
				C362E0BF251D71C10093FF05 /* MoviesTableViewController.swift */,
			);
			path = Controller;
			sourceTree = "<group>";
		};
		C362E0C3251D7A740093FF05 /* View */ = {
			isa = PBXGroup;
			children = (
				C362E0C4251D7A9E0093FF05 /* MovieTableViewCell.swift */,
			);
			path = View;
			sourceTree = "<group>";
		};
		C362E0C9251D7D980093FF05 /* Extensions */ = {
			isa = PBXGroup;
			children = (
				C362E0D0251D87150093FF05 /* MovieExtension.swift */,
				C35D6B35251F92C0008C762F /* UIViewControllerExtensions.swift */,
			);
			path = Extensions;
			sourceTree = "<group>";
		};
		C362E0CB251D7F530093FF05 /* Screen */ = {
			isa = PBXGroup;
			children = (
				C366AE48251FCA740061542C /* Map */,
				C366AE42251FB0FB0061542C /* Categories */,
				C3CD2170251F83A500CB62A6 /* Form */,
				C362E0BD251D71690093FF05 /* List */,
				C3185B9A251D559300FEC8D4 /* Detail */,
			);
			path = Screen;
			sourceTree = "<group>";
		};
		C366AE42251FB0FB0061542C /* Categories */ = {
			isa = PBXGroup;
			children = (
				C366AE43251FB1020061542C /* Controller */,
			);
			path = Categories;
			sourceTree = "<group>";
		};
		C366AE43251FB1020061542C /* Controller */ = {
			isa = PBXGroup;
			children = (
				C366AE44251FB11C0061542C /* CategoriesTableViewController.swift */,
			);
			path = Controller;
			sourceTree = "<group>";
		};
		C366AE48251FCA740061542C /* Map */ = {
			isa = PBXGroup;
			children = (
				C366AE49251FCA850061542C /* Controller */,
			);
			path = Map;
			sourceTree = "<group>";
		};
		C366AE49251FCA850061542C /* Controller */ = {
			isa = PBXGroup;
			children = (
				C366AE4A251FCA900061542C /* MapViewController.swift */,
			);
			path = Controller;
			sourceTree = "<group>";
		};
		C3CD2170251F83A500CB62A6 /* Form */ = {
			isa = PBXGroup;
			children = (
				C3CD2171251F83CE00CB62A6 /* Controller */,
			);
			path = Form;
			sourceTree = "<group>";
		};
		C3CD2171251F83CE00CB62A6 /* Controller */ = {
			isa = PBXGroup;
			children = (
				C3CD2172251F83F400CB62A6 /* FormViewController.swift */,
			);
			path = Controller;
			sourceTree = "<group>";
		};
		C3DD24EA251AB35000C00102 = {
			isa = PBXGroup;
			children = (
				C3DD24F5251AB35000C00102 /* MoviesLib */,
				C3DD24F4251AB35000C00102 /* Products */,
			);
			sourceTree = "<group>";
		};
		C3DD24F4251AB35000C00102 /* Products */ = {
			isa = PBXGroup;
			children = (
				C3DD24F3251AB35000C00102 /* MoviesLib.app */,
			);
			name = Products;
			sourceTree = "<group>";
		};
		C3DD24F5251AB35000C00102 /* MoviesLib */ = {
			isa = PBXGroup;
			children = (
				C362E0C9251D7D980093FF05 /* Extensions */,
				C3185B99251D554400FEC8D4 /* Files */,
				C3185B98251D552F00FEC8D4 /* Main */,
				C3DD24FC251AB35000C00102 /* Main.storyboard */,
				C362E0CB251D7F530093FF05 /* Screen */,
				C3185B9C251D560100FEC8D4 /* Supporting Files */,
			);
			path = MoviesLib;
			sourceTree = "<group>";
		};
/* End PBXGroup section */

/* Begin PBXNativeTarget section */
		C3DD24F2251AB35000C00102 /* MoviesLib */ = {
			isa = PBXNativeTarget;
			buildConfigurationList = C3DD2507251AB35200C00102 /* Build configuration list for PBXNativeTarget "MoviesLib" */;
			buildPhases = (
				C3DD24EF251AB35000C00102 /* Sources */,
				C3DD24F0251AB35000C00102 /* Frameworks */,
				C3DD24F1251AB35000C00102 /* Resources */,
			);
			buildRules = (
			);
			dependencies = (
			);
			name = MoviesLib;
			productName = MoviesLib;
			productReference = C3DD24F3251AB35000C00102 /* MoviesLib.app */;
			productType = "com.apple.product-type.application";
		};
/* End PBXNativeTarget section */

/* Begin PBXProject section */
		C3DD24EB251AB35000C00102 /* Project object */ = {
			isa = PBXProject;
			attributes = {
				LastSwiftUpdateCheck = 1200;
				LastUpgradeCheck = 1200;
				TargetAttributes = {
					C3DD24F2251AB35000C00102 = {
						CreatedOnToolsVersion = 12.0;
					};
				};
			};
			buildConfigurationList = C3DD24EE251AB35000C00102 /* Build configuration list for PBXProject "MoviesLib" */;
			compatibilityVersion = "Xcode 9.3";
			developmentRegion = en;
			hasScannedForEncodings = 0;
			knownRegions = (
				en,
				Base,
			);
			mainGroup = C3DD24EA251AB35000C00102;
			productRefGroup = C3DD24F4251AB35000C00102 /* Products */;
			projectDirPath = "";
			projectRoot = "";
			targets = (
				C3DD24F2251AB35000C00102 /* MoviesLib */,
			);
		};
/* End PBXProject section */

/* Begin PBXResourcesBuildPhase section */
		C3DD24F1251AB35000C00102 /* Resources */ = {
			isa = PBXResourcesBuildPhase;
			buildActionMask = 2147483647;
			files = (
				C3DD2503251AB35200C00102 /* LaunchScreen.storyboard in Resources */,
				C3DD2500251AB35200C00102 /* Assets.xcassets in Resources */,
				C3DD24FE251AB35000C00102 /* Main.storyboard in Resources */,
			);
			runOnlyForDeploymentPostprocessing = 0;
		};
/* End PBXResourcesBuildPhase section */

/* Begin PBXSourcesBuildPhase section */
		C3DD24EF251AB35000C00102 /* Sources */ = {
			isa = PBXSourcesBuildPhase;
			buildActionMask = 2147483647;
			files = (
				C35D6B36251F92C0008C762F /* UIViewControllerExtensions.swift in Sources */,
				C3CD216E251F63A900CB62A6 /* MoviesLib.xcdatamodeld in Sources */,
				C362E0C5251D7A9E0093FF05 /* MovieTableViewCell.swift in Sources */,
				C362E0C0251D71C10093FF05 /* MoviesTableViewController.swift in Sources */,
				C362E0D1251D87150093FF05 /* MovieExtension.swift in Sources */,
				C366AE4B251FCA900061542C /* MapViewController.swift in Sources */,
				C3DD24FB251AB35000C00102 /* DetailViewController.swift in Sources */,
				C366AE45251FB11C0061542C /* CategoriesTableViewController.swift in Sources */,
				C3DD24F7251AB35000C00102 /* AppDelegate.swift in Sources */,
				C3CD2173251F83F400CB62A6 /* FormViewController.swift in Sources */,
			);
			runOnlyForDeploymentPostprocessing = 0;
		};
/* End PBXSourcesBuildPhase section */

/* Begin PBXVariantGroup section */
		C3DD24FC251AB35000C00102 /* Main.storyboard */ = {
			isa = PBXVariantGroup;
			children = (
				C3DD24FD251AB35000C00102 /* Base */,
			);
			name = Main.storyboard;
			sourceTree = "<group>";
		};
		C3DD2501251AB35200C00102 /* LaunchScreen.storyboard */ = {
			isa = PBXVariantGroup;
			children = (
				C3DD2502251AB35200C00102 /* Base */,
			);
			name = LaunchScreen.storyboard;
			sourceTree = "<group>";
		};
/* End PBXVariantGroup section */

/* Begin XCBuildConfiguration section */
		C3DD2505251AB35200C00102 /* Debug */ = {
			isa = XCBuildConfiguration;
			buildSettings = {
				ALWAYS_SEARCH_USER_PATHS = NO;
				CLANG_ANALYZER_NONNULL = YES;
				CLANG_ANALYZER_NUMBER_OBJECT_CONVERSION = YES_AGGRESSIVE;
				CLANG_CXX_LANGUAGE_STANDARD = "gnu++14";
				CLANG_CXX_LIBRARY = "libc++";
				CLANG_ENABLE_MODULES = YES;
				CLANG_ENABLE_OBJC_ARC = YES;
				CLANG_ENABLE_OBJC_WEAK = YES;
				CLANG_WARN_BLOCK_CAPTURE_AUTORELEASING = YES;
				CLANG_WARN_BOOL_CONVERSION = YES;
				CLANG_WARN_COMMA = YES;
				CLANG_WARN_CONSTANT_CONVERSION = YES;
				CLANG_WARN_DEPRECATED_OBJC_IMPLEMENTATIONS = YES;
				CLANG_WARN_DIRECT_OBJC_ISA_USAGE = YES_ERROR;
				CLANG_WARN_DOCUMENTATION_COMMENTS = YES;
				CLANG_WARN_EMPTY_BODY = YES;
				CLANG_WARN_ENUM_CONVERSION = YES;
				CLANG_WARN_INFINITE_RECURSION = YES;
				CLANG_WARN_INT_CONVERSION = YES;
				CLANG_WARN_NON_LITERAL_NULL_CONVERSION = YES;
				CLANG_WARN_OBJC_IMPLICIT_RETAIN_SELF = YES;
				CLANG_WARN_OBJC_LITERAL_CONVERSION = YES;
				CLANG_WARN_OBJC_ROOT_CLASS = YES_ERROR;
				CLANG_WARN_QUOTED_INCLUDE_IN_FRAMEWORK_HEADER = YES;
				CLANG_WARN_RANGE_LOOP_ANALYSIS = YES;
				CLANG_WARN_STRICT_PROTOTYPES = YES;
				CLANG_WARN_SUSPICIOUS_MOVE = YES;
				CLANG_WARN_UNGUARDED_AVAILABILITY = YES_AGGRESSIVE;
				CLANG_WARN_UNREACHABLE_CODE = YES;
				CLANG_WARN__DUPLICATE_METHOD_MATCH = YES;
				COPY_PHASE_STRIP = NO;
				DEBUG_INFORMATION_FORMAT = dwarf;
				ENABLE_STRICT_OBJC_MSGSEND = YES;
				ENABLE_TESTABILITY = YES;
				GCC_C_LANGUAGE_STANDARD = gnu11;
				GCC_DYNAMIC_NO_PIC = NO;
				GCC_NO_COMMON_BLOCKS = YES;
				GCC_OPTIMIZATION_LEVEL = 0;
				GCC_PREPROCESSOR_DEFINITIONS = (
					"DEBUG=1",
					"$(inherited)",
				);
				GCC_WARN_64_TO_32_BIT_CONVERSION = YES;
				GCC_WARN_ABOUT_RETURN_TYPE = YES_ERROR;
				GCC_WARN_UNDECLARED_SELECTOR = YES;
				GCC_WARN_UNINITIALIZED_AUTOS = YES_AGGRESSIVE;
				GCC_WARN_UNUSED_FUNCTION = YES;
				GCC_WARN_UNUSED_VARIABLE = YES;
				IPHONEOS_DEPLOYMENT_TARGET = 14.0;
				MTL_ENABLE_DEBUG_INFO = INCLUDE_SOURCE;
				MTL_FAST_MATH = YES;
				ONLY_ACTIVE_ARCH = YES;
				SDKROOT = iphoneos;
				SWIFT_ACTIVE_COMPILATION_CONDITIONS = DEBUG;
				SWIFT_OPTIMIZATION_LEVEL = "-Onone";
			};
			name = Debug;
		};
		C3DD2506251AB35200C00102 /* Release */ = {
			isa = XCBuildConfiguration;
			buildSettings = {
				ALWAYS_SEARCH_USER_PATHS = NO;
				CLANG_ANALYZER_NONNULL = YES;
				CLANG_ANALYZER_NUMBER_OBJECT_CONVERSION = YES_AGGRESSIVE;
				CLANG_CXX_LANGUAGE_STANDARD = "gnu++14";
				CLANG_CXX_LIBRARY = "libc++";
				CLANG_ENABLE_MODULES = YES;
				CLANG_ENABLE_OBJC_ARC = YES;
				CLANG_ENABLE_OBJC_WEAK = YES;
				CLANG_WARN_BLOCK_CAPTURE_AUTORELEASING = YES;
				CLANG_WARN_BOOL_CONVERSION = YES;
				CLANG_WARN_COMMA = YES;
				CLANG_WARN_CONSTANT_CONVERSION = YES;
				CLANG_WARN_DEPRECATED_OBJC_IMPLEMENTATIONS = YES;
				CLANG_WARN_DIRECT_OBJC_ISA_USAGE = YES_ERROR;
				CLANG_WARN_DOCUMENTATION_COMMENTS = YES;
				CLANG_WARN_EMPTY_BODY = YES;
				CLANG_WARN_ENUM_CONVERSION = YES;
				CLANG_WARN_INFINITE_RECURSION = YES;
				CLANG_WARN_INT_CONVERSION = YES;
				CLANG_WARN_NON_LITERAL_NULL_CONVERSION = YES;
				CLANG_WARN_OBJC_IMPLICIT_RETAIN_SELF = YES;
				CLANG_WARN_OBJC_LITERAL_CONVERSION = YES;
				CLANG_WARN_OBJC_ROOT_CLASS = YES_ERROR;
				CLANG_WARN_QUOTED_INCLUDE_IN_FRAMEWORK_HEADER = YES;
				CLANG_WARN_RANGE_LOOP_ANALYSIS = YES;
				CLANG_WARN_STRICT_PROTOTYPES = YES;
				CLANG_WARN_SUSPICIOUS_MOVE = YES;
				CLANG_WARN_UNGUARDED_AVAILABILITY = YES_AGGRESSIVE;
				CLANG_WARN_UNREACHABLE_CODE = YES;
				CLANG_WARN__DUPLICATE_METHOD_MATCH = YES;
				COPY_PHASE_STRIP = NO;
				DEBUG_INFORMATION_FORMAT = "dwarf-with-dsym";
				ENABLE_NS_ASSERTIONS = NO;
				ENABLE_STRICT_OBJC_MSGSEND = YES;
				GCC_C_LANGUAGE_STANDARD = gnu11;
				GCC_NO_COMMON_BLOCKS = YES;
				GCC_WARN_64_TO_32_BIT_CONVERSION = YES;
				GCC_WARN_ABOUT_RETURN_TYPE = YES_ERROR;
				GCC_WARN_UNDECLARED_SELECTOR = YES;
				GCC_WARN_UNINITIALIZED_AUTOS = YES_AGGRESSIVE;
				GCC_WARN_UNUSED_FUNCTION = YES;
				GCC_WARN_UNUSED_VARIABLE = YES;
				IPHONEOS_DEPLOYMENT_TARGET = 14.0;
				MTL_ENABLE_DEBUG_INFO = NO;
				MTL_FAST_MATH = YES;
				SDKROOT = iphoneos;
				SWIFT_COMPILATION_MODE = wholemodule;
				SWIFT_OPTIMIZATION_LEVEL = "-O";
				VALIDATE_PRODUCT = YES;
			};
			name = Release;
		};
		C3DD2508251AB35200C00102 /* Debug */ = {
			isa = XCBuildConfiguration;
			buildSettings = {
				ASSETCATALOG_COMPILER_APPICON_NAME = AppIcon;
				ASSETCATALOG_COMPILER_GLOBAL_ACCENT_COLOR_NAME = AccentColor;
				CODE_SIGN_STYLE = Automatic;
				DEVELOPMENT_TEAM = S7TYYXV76U;
				INFOPLIST_FILE = "MoviesLib/Supporting Files/Info.plist";
				LD_RUNPATH_SEARCH_PATHS = (
					"$(inherited)",
					"@executable_path/Frameworks",
				);
				PRODUCT_BUNDLE_IDENTIFIER = br.dev.valmirt.MoviesLib;
				PRODUCT_NAME = "$(TARGET_NAME)";
				SWIFT_VERSION = 5.0;
				TARGETED_DEVICE_FAMILY = "1,2";
			};
			name = Debug;
		};
		C3DD2509251AB35200C00102 /* Release */ = {
			isa = XCBuildConfiguration;
			buildSettings = {
				ASSETCATALOG_COMPILER_APPICON_NAME = AppIcon;
				ASSETCATALOG_COMPILER_GLOBAL_ACCENT_COLOR_NAME = AccentColor;
				CODE_SIGN_STYLE = Automatic;
				DEVELOPMENT_TEAM = S7TYYXV76U;
				INFOPLIST_FILE = "MoviesLib/Supporting Files/Info.plist";
				LD_RUNPATH_SEARCH_PATHS = (
					"$(inherited)",
					"@executable_path/Frameworks",
				);
				PRODUCT_BUNDLE_IDENTIFIER = br.dev.valmirt.MoviesLib;
				PRODUCT_NAME = "$(TARGET_NAME)";
				SWIFT_VERSION = 5.0;
				TARGETED_DEVICE_FAMILY = "1,2";
			};
			name = Release;
		};
/* End XCBuildConfiguration section */

/* Begin XCConfigurationList section */
		C3DD24EE251AB35000C00102 /* Build configuration list for PBXProject "MoviesLib" */ = {
			isa = XCConfigurationList;
			buildConfigurations = (
				C3DD2505251AB35200C00102 /* Debug */,
				C3DD2506251AB35200C00102 /* Release */,
			);
			defaultConfigurationIsVisible = 0;
			defaultConfigurationName = Release;
		};
		C3DD2507251AB35200C00102 /* Build configuration list for PBXNativeTarget "MoviesLib" */ = {
			isa = XCConfigurationList;
			buildConfigurations = (
				C3DD2508251AB35200C00102 /* Debug */,
				C3DD2509251AB35200C00102 /* Release */,
			);
			defaultConfigurationIsVisible = 0;
			defaultConfigurationName = Release;
		};
/* End XCConfigurationList section */

/* Begin XCVersionGroup section */
		C3CD216C251F63A900CB62A6 /* MoviesLib.xcdatamodeld */ = {
			isa = XCVersionGroup;
			children = (
				C3CD216D251F63A900CB62A6 /* MoviesLib.xcdatamodel */,
			);
			currentVersion = C3CD216D251F63A900CB62A6 /* MoviesLib.xcdatamodel */;
			path = MoviesLib.xcdatamodeld;
			sourceTree = "<group>";
			versionGroupType = wrapper.xcdatamodel;
		};
/* End XCVersionGroup section */
	};
	rootObject = C3DD24EB251AB35000C00102 /* Project object */;
}
